uuid: 15c26f8d-e798-4632-a94e-9cd08b77632a
langcode: cs
status: false
dependencies:
  module:
    - dcz_custom_blocks
  theme:
    - dcz_theme
id: copyrightblock
theme: dcz_theme
region: postscript
weight: -4
provider: null
plugin: dcz_custom_blocks_copyright
settings:
  id: dcz_custom_blocks_copyright
  label: 'Copyright block'
  provider: dcz_custom_blocks
  label_display: '0'
  copyright_custom: 'sfl sdfgd ajgůsdhg erge§iqgj qp§rgj pdrgjeri'
  copyright_default: 'Copyright text'
visibility: {  }
