uuid: 37d652f1-8865-43c0-b100-b1404dd58061
langcode: cs
status: true
dependencies:
  module:
    - dcz_custom_blocks
  theme:
    - drupalcz_skin
id: copyrightblock
theme: drupalcz_skin
region: footer
weight: null
provider: null
plugin: dcz_custom_blocks_copyright
settings:
  id: dcz_custom_blocks_copyright
  label: 'Copyright block'
  provider: dcz_custom_blocks
  label_display: '0'
  copyright_custom: ''
  copyright_default: 'Copyright text'
visibility: {  }
