uuid: 374156be-8e91-4d2e-933f-63efcd40372d
langcode: cs
status: true
dependencies:
  module:
    - dcz_custom_blocks
    - system
  theme:
    - drupalcz_skin
id: customtextblock
theme: drupalcz_skin
region: content
weight: null
provider: null
plugin: dcz_custom_blocks_text
settings:
  id: dcz_custom_blocks_text
  label: 'Custom text block'
  provider: dcz_custom_blocks
  label_display: visible
  value: 'Custom text here...'
visibility:
  request_path:
    id: request_path
    pages: '<front>'
    negate: false
    context_mapping: {  }
