uuid: b2b69a69-6fdd-4539-8100-ed4fce61f253
langcode: en
status: true
dependencies:
  config:
    - views.view.who_s_online
  module:
    - views
  theme:
    - drupalcz_skin
id: views_block__who_s_online_who_s_online_block
theme: drupalcz_skin
region: sidebar_second
weight: -3
provider: null
plugin: 'views_block:who_s_online-who_s_online_block'
settings:
  id: 'views_block:who_s_online-who_s_online_block'
  label: ''
  provider: views
  label_display: visible
  views_label: ''
  items_per_page: none
visibility: {  }
